{
  "name": "@onchainai/clawd-plugin",
  "version": "1.0.0",
  "lockfileVersion": 3,
  "requires": true,
  "packages": {
    "": {
      "name": "@onchainai/clawd-plugin",
      "version": "1.0.0",
      "license": "MIT",
      "bin": {
        "clawd-plugin": "cli.js"
      },
      "engines": {
        "node": ">=18.0.0"
      }
    }
  }
}
